// !$*UTF8*$!
{
	archiveVersion = 1;
	classes = {
	};
	objectVersion = 50;
	objects = {

/* Begin PBXBuildFile section */
		413D050D259C03A4005A2056 /* AppDelegate.swift in Sources */ = {isa = PBXBuildFile; fileRef = 413D050C259C03A4005A2056 /* AppDelegate.swift */; };
		413D050F259C03A4005A2056 /* SceneDelegate.swift in Sources */ = {isa = PBXBuildFile; fileRef = 413D050E259C03A4005A2056 /* SceneDelegate.swift */; };
		413D0511259C03A4005A2056 /* ViewController.swift in Sources */ = {isa = PBXBuildFile; fileRef = 413D0510259C03A4005A2056 /* ViewController.swift */; };
		413D0514259C03A4005A2056 /* Main.storyboard in Resources */ = {isa = PBXBuildFile; fileRef = 413D0512259C03A4005A2056 /* Main.storyboard */; };
		413D0516259C03A5005A2056 /* Assets.xcassets in Resources */ = {isa = PBXBuildFile; fileRef = 413D0515259C03A5005A2056 /* Assets.xcassets */; };
		413D0519259C03A5005A2056 /* LaunchScreen.storyboard in Resources */ = {isa = PBXBuildFile; fileRef = 413D0517259C03A5005A2056 /* LaunchScreen.storyboard */; };
		413D0524259C03A5005A2056 /* AdvancedTableView_practiceTests.swift in Sources */ = {isa = PBXBuildFile; fileRef = 413D0523259C03A5005A2056 /* AdvancedTableView_practiceTests.swift */; };
		413D052F259C03A5005A2056 /* AdvancedTableView_practiceUITests.swift in Sources */ = {isa = PBXBuildFile; fileRef = 413D052E259C03A5005A2056 /* AdvancedTableView_practiceUITests.swift */; };
		413D0540259C04DA005A2056 /* CollectionTableViewCell.swift in Sources */ = {isa = PBXBuildFile; fileRef = 413D053F259C04DA005A2056 /* CollectionTableViewCell.swift */; };
		413D0545259C04FC005A2056 /* TableCollectionViewCell.swift in Sources */ = {isa = PBXBuildFile; fileRef = 413D0544259C04FC005A2056 /* TableCollectionViewCell.swift */; };
		413D054A259C0C82005A2056 /* ModelFile.swift in Sources */ = {isa = PBXBuildFile; fileRef = 413D0549259C0C82005A2056 /* ModelFile.swift */; };
/* End PBXBuildFile section */

/* Begin PBXContainerItemProxy section */
		413D0520259C03A5005A2056 /* PBXContainerItemProxy */ = {
			isa = PBXContainerItemProxy;
			containerPortal = 413D0501259C03A4005A2056 /* Project object */;
			proxyType = 1;
			remoteGlobalIDString = 413D0508259C03A4005A2056;
			remoteInfo = AdvancedTableView_practice;
		};
		413D052B259C03A5005A2056 /* PBXContainerItemProxy */ = {
			isa = PBXContainerItemProxy;
			containerPortal = 413D0501259C03A4005A2056 /* Project object */;
			proxyType = 1;
			remoteGlobalIDString = 413D0508259C03A4005A2056;
			remoteInfo = AdvancedTableView_practice;
		};
/* End PBXContainerItemProxy section */

/* Begin PBXFileReference section */
		413D0509259C03A4005A2056 /* AdvancedTableView_practice.app */ = {isa = PBXFileReference; explicitFileType = wrapper.application; includeInIndex = 0; path = AdvancedTableView_practice.app; sourceTree = BUILT_PRODUCTS_DIR; };
		413D050C259C03A4005A2056 /* AppDelegate.swift */ = {isa = PBXFileReference; lastKnownFileType = sourcecode.swift; path = AppDelegate.swift; sourceTree = "<group>"; };
		413D050E259C03A4005A2056 /* SceneDelegate.swift */ = {isa = PBXFileReference; lastKnownFileType = sourcecode.swift; path = SceneDelegate.swift; sourceTree = "<group>"; };
		413D0510259C03A4005A2056 /* ViewController.swift */ = {isa = PBXFileReference; lastKnownFileType = sourcecode.swift; path = ViewController.swift; sourceTree = "<group>"; };
		413D0513259C03A4005A2056 /* Base */ = {isa = PBXFileReference; lastKnownFileType = file.storyboard; name = Base; path = Base.lproj/Main.storyboard; sourceTree = "<group>"; };
		413D0515259C03A5005A2056 /* Assets.xcassets */ = {isa = PBXFileReference; lastKnownFileType = folder.assetcatalog; path = Assets.xcassets; sourceTree = "<group>"; };
		413D0518259C03A5005A2056 /* Base */ = {isa = PBXFileReference; lastKnownFileType = file.storyboard; name = Base; path = Base.lproj/LaunchScreen.storyboard; sourceTree = "<group>"; };
		413D051A259C03A5005A2056 /* Info.plist */ = {isa = PBXFileReference; lastKnownFileType = text.plist.xml; path = Info.plist; sourceTree = "<group>"; };
		413D051F259C03A5005A2056 /* AdvancedTableView_practiceTests.xctest */ = {isa = PBXFileReference; explicitFileType = wrapper.cfbundle; includeInIndex = 0; path = AdvancedTableView_practiceTests.xctest; sourceTree = BUILT_PRODUCTS_DIR; };
		413D0523259C03A5005A2056 /* AdvancedTableView_practiceTests.swift */ = {isa = PBXFileReference; lastKnownFileType = sourcecode.swift; path = AdvancedTableView_practiceTests.swift; sourceTree = "<group>"; };
		413D0525259C03A5005A2056 /* Info.plist */ = {isa = PBXFileReference; lastKnownFileType = text.plist.xml; path = Info.plist; sourceTree = "<group>"; };
		413D052A259C03A5005A2056 /* AdvancedTableView_practiceUITests.xctest */ = {isa = PBXFileReference; explicitFileType = wrapper.cfbundle; includeInIndex = 0; path = AdvancedTableView_practiceUITests.xctest; sourceTree = BUILT_PRODUCTS_DIR; };
		413D052E259C03A5005A2056 /* AdvancedTableView_practiceUITests.swift */ = {isa = PBXFileReference; lastKnownFileType = sourcecode.swift; path = AdvancedTableView_practiceUITests.swift; sourceTree = "<group>"; };
		413D0530259C03A5005A2056 /* Info.plist */ = {isa = PBXFileReference; lastKnownFileType = text.plist.xml; path = Info.plist; sourceTree = "<group>"; };
		413D053F259C04DA005A2056 /* CollectionTableViewCell.swift */ = {isa = PBXFileReference; lastKnownFileType = sourcecode.swift; path = CollectionTableViewCell.swift; sourceTree = "<group>"; };
		413D0544259C04FC005A2056 /* TableCollectionViewCell.swift */ = {isa = PBXFileReference; lastKnownFileType = sourcecode.swift; path = TableCollectionViewCell.swift; sourceTree = "<group>"; };
		413D0549259C0C82005A2056 /* ModelFile.swift */ = {isa = PBXFileReference; lastKnownFileType = sourcecode.swift; path = ModelFile.swift; sourceTree = "<group>"; };
/* End PBXFileReference section */

/* Begin PBXFrameworksBuildPhase section */
		413D0506259C03A4005A2056 /* Frameworks */ = {
			isa = PBXFrameworksBuildPhase;
			buildActionMask = 2147483647;
			files = (
			);
			runOnlyForDeploymentPostprocessing = 0;
		};
		413D051C259C03A5005A2056 /* Frameworks */ = {
			isa = PBXFrameworksBuildPhase;
			buildActionMask = 2147483647;
			files = (
			);
			runOnlyForDeploymentPostprocessing = 0;
		};
		413D0527259C03A5005A2056 /* Frameworks */ = {
			isa = PBXFrameworksBuildPhase;
			buildActionMask = 2147483647;
			files = (
			);
			runOnlyForDeploymentPostprocessing = 0;
		};
/* End PBXFrameworksBuildPhase section */

/* Begin PBXGroup section */
		413D0500259C03A4005A2056 = {
			isa = PBXGroup;
			children = (
				413D050B259C03A4005A2056 /* AdvancedTableView_practice */,
				413D0522259C03A5005A2056 /* AdvancedTableView_practiceTests */,
				413D052D259C03A5005A2056 /* AdvancedTableView_practiceUITests */,
				413D050A259C03A4005A2056 /* Products */,
			);
			sourceTree = "<group>";
		};
		413D050A259C03A4005A2056 /* Products */ = {
			isa = PBXGroup;
			children = (
				413D0509259C03A4005A2056 /* AdvancedTableView_practice.app */,
				413D051F259C03A5005A2056 /* AdvancedTableView_practiceTests.xctest */,
				413D052A259C03A5005A2056 /* AdvancedTableView_practiceUITests.xctest */,
			);
			name = Products;
			sourceTree = "<group>";
		};
		413D050B259C03A4005A2056 /* AdvancedTableView_practice */ = {
			isa = PBXGroup;
			children = (
				413D050C259C03A4005A2056 /* AppDelegate.swift */,
				413D050E259C03A4005A2056 /* SceneDelegate.swift */,
				413D0512259C03A4005A2056 /* Main.storyboard */,
				413D0517259C03A5005A2056 /* LaunchScreen.storyboard */,
				413D0515259C03A5005A2056 /* Assets.xcassets */,
				413D053F259C04DA005A2056 /* CollectionTableViewCell.swift */,
				413D0544259C04FC005A2056 /* TableCollectionViewCell.swift */,
				413D0510259C03A4005A2056 /* ViewController.swift */,
				413D0549259C0C82005A2056 /* ModelFile.swift */,
				413D051A259C03A5005A2056 /* Info.plist */,
			);
			path = AdvancedTableView_practice;
			sourceTree = "<group>";
		};
		413D0522259C03A5005A2056 /* AdvancedTableView_practiceTests */ = {
			isa = PBXGroup;
			children = (
				413D0523259C03A5005A2056 /* AdvancedTableView_practiceTests.swift */,
				413D0525259C03A5005A2056 /* Info.plist */,
			);
			path = AdvancedTableView_practiceTests;
			sourceTree = "<group>";
		};
		413D052D259C03A5005A2056 /* AdvancedTableView_practiceUITests */ = {
			isa = PBXGroup;
			children = (
				413D052E259C03A5005A2056 /* AdvancedTableView_practiceUITests.swift */,
				413D0530259C03A5005A2056 /* Info.plist */,
			);
			path = AdvancedTableView_practiceUITests;
			sourceTree = "<group>";
		};
/* End PBXGroup section */

/* Begin PBXNativeTarget section */
		413D0508259C03A4005A2056 /* AdvancedTableView_practice */ = {
			isa = PBXNativeTarget;
			buildConfigurationList = 413D0533259C03A5005A2056 /* Build configuration list for PBXNativeTarget "AdvancedTableView_practice" */;
			buildPhases = (
				413D0505259C03A4005A2056 /* Sources */,
				413D0506259C03A4005A2056 /* Frameworks */,
				413D0507259C03A4005A2056 /* Resources */,
			);
			buildRules = (
			);
			dependencies = (
			);
			name = AdvancedTableView_practice;
			productName = AdvancedTableView_practice;
			productReference = 413D0509259C03A4005A2056 /* AdvancedTableView_practice.app */;
			productType = "com.apple.product-type.application";
		};
		413D051E259C03A5005A2056 /* AdvancedTableView_practiceTests */ = {
			isa = PBXNativeTarget;
			buildConfigurationList = 413D0536259C03A5005A2056 /* Build configuration list for PBXNativeTarget "AdvancedTableView_practiceTests" */;
			buildPhases = (
				413D051B259C03A5005A2056 /* Sources */,
				413D051C259C03A5005A2056 /* Frameworks */,
				413D051D259C03A5005A2056 /* Resources */,
			);
			buildRules = (
			);
			dependencies = (
				413D0521259C03A5005A2056 /* PBXTargetDependency */,
			);
			name = AdvancedTableView_practiceTests;
			productName = AdvancedTableView_practiceTests;
			productReference = 413D051F259C03A5005A2056 /* AdvancedTableView_practiceTests.xctest */;
			productType = "com.apple.product-type.bundle.unit-test";
		};
		413D0529259C03A5005A2056 /* AdvancedTableView_practiceUITests */ = {
			isa = PBXNativeTarget;
			buildConfigurationList = 413D0539259C03A5005A2056 /* Build configuration list for PBXNativeTarget "AdvancedTableView_practiceUITests" */;
			buildPhases = (
				413D0526259C03A5005A2056 /* Sources */,
				413D0527259C03A5005A2056 /* Frameworks */,
				413D0528259C03A5005A2056 /* Resources */,
			);
			buildRules = (
			);
			dependencies = (
				413D052C259C03A5005A2056 /* PBXTargetDependency */,
			);
			name = AdvancedTableView_practiceUITests;
			productName = AdvancedTableView_practiceUITests;
			productReference = 413D052A259C03A5005A2056 /* AdvancedTableView_practiceUITests.xctest */;
			productType = "com.apple.product-type.bundle.ui-testing";
		};
/* End PBXNativeTarget section */

/* Begin PBXProject section */
		413D0501259C03A4005A2056 /* Project object */ = {
			isa = PBXProject;
			attributes = {
				LastSwiftUpdateCheck = 1230;
				LastUpgradeCheck = 1230;
				TargetAttributes = {
					413D0508259C03A4005A2056 = {
						CreatedOnToolsVersion = 12.3;
					};
					413D051E259C03A5005A2056 = {
						CreatedOnToolsVersion = 12.3;
						TestTargetID = 413D0508259C03A4005A2056;
					};
					413D0529259C03A5005A2056 = {
						CreatedOnToolsVersion = 12.3;
						TestTargetID = 413D0508259C03A4005A2056;
					};
				};
			};
			buildConfigurationList = 413D0504259C03A4005A2056 /* Build configuration list for PBXProject "AdvancedTableView_practice" */;
			compatibilityVersion = "Xcode 9.3";
			developmentRegion = en;
			hasScannedForEncodings = 0;
			knownRegions = (
				en,
				Base,
			);
			mainGroup = 413D0500259C03A4005A2056;
			productRefGroup = 413D050A259C03A4005A2056 /* Products */;
			projectDirPath = "";
			projectRoot = "";
			targets = (
				413D0508259C03A4005A2056 /* AdvancedTableView_practice */,
				413D051E259C03A5005A2056 /* AdvancedTableView_practiceTests */,
				413D0529259C03A5005A2056 /* AdvancedTableView_practiceUITests */,
			);
		};
/* End PBXProject section */

/* Begin PBXResourcesBuildPhase section */
		413D0507259C03A4005A2056 /* Resources */ = {
			isa = PBXResourcesBuildPhase;
			buildActionMask = 2147483647;
			files = (
				413D0519259C03A5005A2056 /* LaunchScreen.storyboard in Resources */,
				413D0516259C03A5005A2056 /* Assets.xcassets in Resources */,
				413D0514259C03A4005A2056 /* Main.storyboard in Resources */,
			);
			runOnlyForDeploymentPostprocessing = 0;
		};
		413D051D259C03A5005A2056 /* Resources */ = {
			isa = PBXResourcesBuildPhase;
			buildActionMask = 2147483647;
			files = (
			);
			runOnlyForDeploymentPostprocessing = 0;
		};
		413D0528259C03A5005A2056 /* Resources */ = {
			isa = PBXResourcesBuildPhase;
			buildActionMask = 2147483647;
			files = (
			);
			runOnlyForDeploymentPostprocessing = 0;
		};
/* End PBXResourcesBuildPhase section */

/* Begin PBXSourcesBuildPhase section */
		413D0505259C03A4005A2056 /* Sources */ = {
			isa = PBXSourcesBuildPhase;
			buildActionMask = 2147483647;
			files = (
				413D0511259C03A4005A2056 /* ViewController.swift in Sources */,
				413D050D259C03A4005A2056 /* AppDelegate.swift in Sources */,
				413D050F259C03A4005A2056 /* SceneDelegate.swift in Sources */,
				413D054A259C0C82005A2056 /* ModelFile.swift in Sources */,
				413D0545259C04FC005A2056 /* TableCollectionViewCell.swift in Sources */,
				413D0540259C04DA005A2056 /* CollectionTableViewCell.swift in Sources */,
			);
			runOnlyForDeploymentPostprocessing = 0;
		};
		413D051B259C03A5005A2056 /* Sources */ = {
			isa = PBXSourcesBuildPhase;
			buildActionMask = 2147483647;
			files = (
				413D0524259C03A5005A2056 /* AdvancedTableView_practiceTests.swift in Sources */,
			);
			runOnlyForDeploymentPostprocessing = 0;
		};
		413D0526259C03A5005A2056 /* Sources */ = {
			isa = PBXSourcesBuildPhase;
			buildActionMask = 2147483647;
			files = (
				413D052F259C03A5005A2056 /* AdvancedTableView_practiceUITests.swift in Sources */,
			);
			runOnlyForDeploymentPostprocessing = 0;
		};
/* End PBXSourcesBuildPhase section */

/* Begin PBXTargetDependency section */
		413D0521259C03A5005A2056 /* PBXTargetDependency */ = {
			isa = PBXTargetDependency;
			target = 413D0508259C03A4005A2056 /* AdvancedTableView_practice */;
			targetProxy = 413D0520259C03A5005A2056 /* PBXContainerItemProxy */;
		};
		413D052C259C03A5005A2056 /* PBXTargetDependency */ = {
			isa = PBXTargetDependency;
			target = 413D0508259C03A4005A2056 /* AdvancedTableView_practice */;
			targetProxy = 413D052B259C03A5005A2056 /* PBXContainerItemProxy */;
		};
/* End PBXTargetDependency section */

/* Begin PBXVariantGroup section */
		413D0512259C03A4005A2056 /* Main.storyboard */ = {
			isa = PBXVariantGroup;
			children = (
				413D0513259C03A4005A2056 /* Base */,
			);
			name = Main.storyboard;
			sourceTree = "<group>";
		};
		413D0517259C03A5005A2056 /* LaunchScreen.storyboard */ = {
			isa = PBXVariantGroup;
			children = (
				413D0518259C03A5005A2056 /* Base */,
			);
			name = LaunchScreen.storyboard;
			sourceTree = "<group>";
		};
/* End PBXVariantGroup section */

/* Begin XCBuildConfiguration section */
		413D0531259C03A5005A2056 /* Debug */ = {
			isa = XCBuildConfiguration;
			buildSettings = {
				ALWAYS_SEARCH_USER_PATHS = NO;
				CLANG_ANALYZER_NONNULL = YES;
				CLANG_ANALYZER_NUMBER_OBJECT_CONVERSION = YES_AGGRESSIVE;
				CLANG_CXX_LANGUAGE_STANDARD = "gnu++14";
				CLANG_CXX_LIBRARY = "libc++";
				CLANG_ENABLE_MODULES = YES;
				CLANG_ENABLE_OBJC_ARC = YES;
				CLANG_ENABLE_OBJC_WEAK = YES;
				CLANG_WARN_BLOCK_CAPTURE_AUTORELEASING = YES;
				CLANG_WARN_BOOL_CONVERSION = YES;
				CLANG_WARN_COMMA = YES;
				CLANG_WARN_CONSTANT_CONVERSION = YES;
				CLANG_WARN_DEPRECATED_OBJC_IMPLEMENTATIONS = YES;
				CLANG_WARN_DIRECT_OBJC_ISA_USAGE = YES_ERROR;
				CLANG_WARN_DOCUMENTATION_COMMENTS = YES;
				CLANG_WARN_EMPTY_BODY = YES;
				CLANG_WARN_ENUM_CONVERSION = YES;
				CLANG_WARN_INFINITE_RECURSION = YES;
				CLANG_WARN_INT_CONVERSION = YES;
				CLANG_WARN_NON_LITERAL_NULL_CONVERSION = YES;
				CLANG_WARN_OBJC_IMPLICIT_RETAIN_SELF = YES;
				CLANG_WARN_OBJC_LITERAL_CONVERSION = YES;
				CLANG_WARN_OBJC_ROOT_CLASS = YES_ERROR;
				CLANG_WARN_QUOTED_INCLUDE_IN_FRAMEWORK_HEADER = YES;
				CLANG_WARN_RANGE_LOOP_ANALYSIS = YES;
				CLANG_WARN_STRICT_PROTOTYPES = YES;
				CLANG_WARN_SUSPICIOUS_MOVE = YES;
				CLANG_WARN_UNGUARDED_AVAILABILITY = YES_AGGRESSIVE;
				CLANG_WARN_UNREACHABLE_CODE = YES;
				CLANG_WARN__DUPLICATE_METHOD_MATCH = YES;
				COPY_PHASE_STRIP = NO;
				DEBUG_INFORMATION_FORMAT = dwarf;
				ENABLE_STRICT_OBJC_MSGSEND = YES;
				ENABLE_TESTABILITY = YES;
				GCC_C_LANGUAGE_STANDARD = gnu11;
				GCC_DYNAMIC_NO_PIC = NO;
				GCC_NO_COMMON_BLOCKS = YES;
				GCC_OPTIMIZATION_LEVEL = 0;
				GCC_PREPROCESSOR_DEFINITIONS = (
					"DEBUG=1",
					"$(inherited)",
				);
				GCC_WARN_64_TO_32_BIT_CONVERSION = YES;
				GCC_WARN_ABOUT_RETURN_TYPE = YES_ERROR;
				GCC_WARN_UNDECLARED_SELECTOR = YES;
				GCC_WARN_UNINITIALIZED_AUTOS = YES_AGGRESSIVE;
				GCC_WARN_UNUSED_FUNCTION = YES;
				GCC_WARN_UNUSED_VARIABLE = YES;
				IPHONEOS_DEPLOYMENT_TARGET = 14.3;
				MTL_ENABLE_DEBUG_INFO = INCLUDE_SOURCE;
				MTL_FAST_MATH = YES;
				ONLY_ACTIVE_ARCH = YES;
				SDKROOT = iphoneos;
				SWIFT_ACTIVE_COMPILATION_CONDITIONS = DEBUG;
				SWIFT_OPTIMIZATION_LEVEL = "-Onone";
			};
			name = Debug;
		};
		413D0532259C03A5005A2056 /* Release */ = {
			isa = XCBuildConfiguration;
			buildSettings = {
				ALWAYS_SEARCH_USER_PATHS = NO;
				CLANG_ANALYZER_NONNULL = YES;
				CLANG_ANALYZER_NUMBER_OBJECT_CONVERSION = YES_AGGRESSIVE;
				CLANG_CXX_LANGUAGE_STANDARD = "gnu++14";
				CLANG_CXX_LIBRARY = "libc++";
				CLANG_ENABLE_MODULES = YES;
				CLANG_ENABLE_OBJC_ARC = YES;
				CLANG_ENABLE_OBJC_WEAK = YES;
				CLANG_WARN_BLOCK_CAPTURE_AUTORELEASING = YES;
				CLANG_WARN_BOOL_CONVERSION = YES;
				CLANG_WARN_COMMA = YES;
				CLANG_WARN_CONSTANT_CONVERSION = YES;
				CLANG_WARN_DEPRECATED_OBJC_IMPLEMENTATIONS = YES;
				CLANG_WARN_DIRECT_OBJC_ISA_USAGE = YES_ERROR;
				CLANG_WARN_DOCUMENTATION_COMMENTS = YES;
				CLANG_WARN_EMPTY_BODY = YES;
				CLANG_WARN_ENUM_CONVERSION = YES;
				CLANG_WARN_INFINITE_RECURSION = YES;
				CLANG_WARN_INT_CONVERSION = YES;
				CLANG_WARN_NON_LITERAL_NULL_CONVERSION = YES;
				CLANG_WARN_OBJC_IMPLICIT_RETAIN_SELF = YES;
				CLANG_WARN_OBJC_LITERAL_CONVERSION = YES;
				CLANG_WARN_OBJC_ROOT_CLASS = YES_ERROR;
				CLANG_WARN_QUOTED_INCLUDE_IN_FRAMEWORK_HEADER = YES;
				CLANG_WARN_RANGE_LOOP_ANALYSIS = YES;
				CLANG_WARN_STRICT_PROTOTYPES = YES;
				CLANG_WARN_SUSPICIOUS_MOVE = YES;
				CLANG_WARN_UNGUARDED_AVAILABILITY = YES_AGGRESSIVE;
				CLANG_WARN_UNREACHABLE_CODE = YES;
				CLANG_WARN__DUPLICATE_METHOD_MATCH = YES;
				COPY_PHASE_STRIP = NO;
				DEBUG_INFORMATION_FORMAT = "dwarf-with-dsym";
				ENABLE_NS_ASSERTIONS = NO;
				ENABLE_STRICT_OBJC_MSGSEND = YES;
				GCC_C_LANGUAGE_STANDARD = gnu11;
				GCC_NO_COMMON_BLOCKS = YES;
				GCC_WARN_64_TO_32_BIT_CONVERSION = YES;
				GCC_WARN_ABOUT_RETURN_TYPE = YES_ERROR;
				GCC_WARN_UNDECLARED_SELECTOR = YES;
				GCC_WARN_UNINITIALIZED_AUTOS = YES_AGGRESSIVE;
				GCC_WARN_UNUSED_FUNCTION = YES;
				GCC_WARN_UNUSED_VARIABLE = YES;
				IPHONEOS_DEPLOYMENT_TARGET = 14.3;
				MTL_ENABLE_DEBUG_INFO = NO;
				MTL_FAST_MATH = YES;
				SDKROOT = iphoneos;
				SWIFT_COMPILATION_MODE = wholemodule;
				SWIFT_OPTIMIZATION_LEVEL = "-O";
				VALIDATE_PRODUCT = YES;
			};
			name = Release;
		};
		413D0534259C03A5005A2056 /* Debug */ = {
			isa = XCBuildConfiguration;
			buildSettings = {
				ASSETCATALOG_COMPILER_APPICON_NAME = AppIcon;
				ASSETCATALOG_COMPILER_GLOBAL_ACCENT_COLOR_NAME = AccentColor;
				CODE_SIGN_STYLE = Automatic;
				INFOPLIST_FILE = AdvancedTableView_practice/Info.plist;
				LD_RUNPATH_SEARCH_PATHS = (
					"$(inherited)",
					"@executable_path/Frameworks",
				);
				PRODUCT_BUNDLE_IDENTIFIER = "com.hyeuneune.AdvancedTableView-practice";
				PRODUCT_NAME = "$(TARGET_NAME)";
				SWIFT_VERSION = 5.0;
				TARGETED_DEVICE_FAMILY = "1,2";
			};
			name = Debug;
		};
		413D0535259C03A5005A2056 /* Release */ = {
			isa = XCBuildConfiguration;
			buildSettings = {
				ASSETCATALOG_COMPILER_APPICON_NAME = AppIcon;
				ASSETCATALOG_COMPILER_GLOBAL_ACCENT_COLOR_NAME = AccentColor;
				CODE_SIGN_STYLE = Automatic;
				INFOPLIST_FILE = AdvancedTableView_practice/Info.plist;
				LD_RUNPATH_SEARCH_PATHS = (
					"$(inherited)",
					"@executable_path/Frameworks",
				);
				PRODUCT_BUNDLE_IDENTIFIER = "com.hyeuneune.AdvancedTableView-practice";
				PRODUCT_NAME = "$(TARGET_NAME)";
				SWIFT_VERSION = 5.0;
				TARGETED_DEVICE_FAMILY = "1,2";
			};
			name = Release;
		};
		413D0537259C03A5005A2056 /* Debug */ = {
			isa = XCBuildConfiguration;
			buildSettings = {
				ALWAYS_EMBED_SWIFT_STANDARD_LIBRARIES = YES;
				BUNDLE_LOADER = "$(TEST_HOST)";
				CODE_SIGN_STYLE = Automatic;
				INFOPLIST_FILE = AdvancedTableView_practiceTests/Info.plist;
				IPHONEOS_DEPLOYMENT_TARGET = 14.3;
				LD_RUNPATH_SEARCH_PATHS = (
					"$(inherited)",
					"@executable_path/Frameworks",
					"@loader_path/Frameworks",
				);
				PRODUCT_BUNDLE_IDENTIFIER = "com.hyeuneune.AdvancedTableView-practiceTests";
				PRODUCT_NAME = "$(TARGET_NAME)";
				SWIFT_VERSION = 5.0;
				TARGETED_DEVICE_FAMILY = "1,2";
				TEST_HOST = "$(BUILT_PRODUCTS_DIR)/AdvancedTableView_practice.app/AdvancedTableView_practice";
			};
			name = Debug;
		};
		413D0538259C03A5005A2056 /* Release */ = {
			isa = XCBuildConfiguration;
			buildSettings = {
				ALWAYS_EMBED_SWIFT_STANDARD_LIBRARIES = YES;
				BUNDLE_LOADER = "$(TEST_HOST)";
				CODE_SIGN_STYLE = Automatic;
				INFOPLIST_FILE = AdvancedTableView_practiceTests/Info.plist;
				IPHONEOS_DEPLOYMENT_TARGET = 14.3;
				LD_RUNPATH_SEARCH_PATHS = (
					"$(inherited)",
					"@executable_path/Frameworks",
					"@loader_path/Frameworks",
				);
				PRODUCT_BUNDLE_IDENTIFIER = "com.hyeuneune.AdvancedTableView-practiceTests";
				PRODUCT_NAME = "$(TARGET_NAME)";
				SWIFT_VERSION = 5.0;
				TARGETED_DEVICE_FAMILY = "1,2";
				TEST_HOST = "$(BUILT_PRODUCTS_DIR)/AdvancedTableView_practice.app/AdvancedTableView_practice";
			};
			name = Release;
		};
		413D053A259C03A5005A2056 /* Debug */ = {
			isa = XCBuildConfiguration;
			buildSettings = {
				ALWAYS_EMBED_SWIFT_STANDARD_LIBRARIES = YES;
				CODE_SIGN_STYLE = Automatic;
				INFOPLIST_FILE = AdvancedTableView_practiceUITests/Info.plist;
				LD_RUNPATH_SEARCH_PATHS = (
					"$(inherited)",
					"@executable_path/Frameworks",
					"@loader_path/Frameworks",
				);
				PRODUCT_BUNDLE_IDENTIFIER = "com.hyeuneune.AdvancedTableView-practiceUITests";
				PRODUCT_NAME = "$(TARGET_NAME)";
				SWIFT_VERSION = 5.0;
				TARGETED_DEVICE_FAMILY = "1,2";
				TEST_TARGET_NAME = AdvancedTableView_practice;
			};
			name = Debug;
		};
		413D053B259C03A5005A2056 /* Release */ = {
			isa = XCBuildConfiguration;
			buildSettings = {
				ALWAYS_EMBED_SWIFT_STANDARD_LIBRARIES = YES;
				CODE_SIGN_STYLE = Automatic;
				INFOPLIST_FILE = AdvancedTableView_practiceUITests/Info.plist;
				LD_RUNPATH_SEARCH_PATHS = (
					"$(inherited)",
					"@executable_path/Frameworks",
					"@loader_path/Frameworks",
				);
				PRODUCT_BUNDLE_IDENTIFIER = "com.hyeuneune.AdvancedTableView-practiceUITests";
				PRODUCT_NAME = "$(TARGET_NAME)";
				SWIFT_VERSION = 5.0;
				TARGETED_DEVICE_FAMILY = "1,2";
				TEST_TARGET_NAME = AdvancedTableView_practice;
			};
			name = Release;
		};
/* End XCBuildConfiguration section */

/* Begin XCConfigurationList section */
		413D0504259C03A4005A2056 /* Build configuration list for PBXProject "AdvancedTableView_practice" */ = {
			isa = XCConfigurationList;
			buildConfigurations = (
				413D0531259C03A5005A2056 /* Debug */,
				413D0532259C03A5005A2056 /* Release */,
			);
			defaultConfigurationIsVisible = 0;
			defaultConfigurationName = Release;
		};
		413D0533259C03A5005A2056 /* Build configuration list for PBXNativeTarget "AdvancedTableView_practice" */ = {
			isa = XCConfigurationList;
			buildConfigurations = (
				413D0534259C03A5005A2056 /* Debug */,
				413D0535259C03A5005A2056 /* Release */,
			);
			defaultConfigurationIsVisible = 0;
			defaultConfigurationName = Release;
		};
		413D0536259C03A5005A2056 /* Build configuration list for PBXNativeTarget "AdvancedTableView_practiceTests" */ = {
			isa = XCConfigurationList;
			buildConfigurations = (
				413D0537259C03A5005A2056 /* Debug */,
				413D0538259C03A5005A2056 /* Release */,
			);
			defaultConfigurationIsVisible = 0;
			defaultConfigurationName = Release;
		};
		413D0539259C03A5005A2056 /* Build configuration list for PBXNativeTarget "AdvancedTableView_practiceUITests" */ = {
			isa = XCConfigurationList;
			buildConfigurations = (
				413D053A259C03A5005A2056 /* Debug */,
				413D053B259C03A5005A2056 /* Release */,
			);
			defaultConfigurationIsVisible = 0;
			defaultConfigurationName = Release;
		};
/* End XCConfigurationList section */
	};
	rootObject = 413D0501259C03A4005A2056 /* Project object */;
}
