// !$*UTF8*$!
{
	archiveVersion = 1;
	classes = {
	};
	objectVersion = 50;
	objects = {

/* Begin PBXBuildFile section */
		4181FFBE259D87DA0008D2CC /* AppDelegate.swift in Sources */ = {isa = PBXBuildFile; fileRef = 4181FFBD259D87DA0008D2CC /* AppDelegate.swift */; };
		4181FFC0259D87DA0008D2CC /* SceneDelegate.swift in Sources */ = {isa = PBXBuildFile; fileRef = 4181FFBF259D87DA0008D2CC /* SceneDelegate.swift */; };
		4181FFC2259D87DA0008D2CC /* ViewController.swift in Sources */ = {isa = PBXBuildFile; fileRef = 4181FFC1259D87DA0008D2CC /* ViewController.swift */; };
		4181FFC5259D87DA0008D2CC /* Main.storyboard in Resources */ = {isa = PBXBuildFile; fileRef = 4181FFC3259D87DA0008D2CC /* Main.storyboard */; };
		4181FFC7259D87DC0008D2CC /* Assets.xcassets in Resources */ = {isa = PBXBuildFile; fileRef = 4181FFC6259D87DC0008D2CC /* Assets.xcassets */; };
		4181FFCA259D87DC0008D2CC /* LaunchScreen.storyboard in Resources */ = {isa = PBXBuildFile; fileRef = 4181FFC8259D87DC0008D2CC /* LaunchScreen.storyboard */; };
		4181FFD5259D87DC0008D2CC /* dataProtocol_practiceTests.swift in Sources */ = {isa = PBXBuildFile; fileRef = 4181FFD4259D87DC0008D2CC /* dataProtocol_practiceTests.swift */; };
		4181FFE0259D87DC0008D2CC /* dataProtocol_practiceUITests.swift in Sources */ = {isa = PBXBuildFile; fileRef = 4181FFDF259D87DC0008D2CC /* dataProtocol_practiceUITests.swift */; };
/* End PBXBuildFile section */

/* Begin PBXContainerItemProxy section */
		4181FFD1259D87DC0008D2CC /* PBXContainerItemProxy */ = {
			isa = PBXContainerItemProxy;
			containerPortal = 4181FFB2259D87DA0008D2CC /* Project object */;
			proxyType = 1;
			remoteGlobalIDString = 4181FFB9259D87DA0008D2CC;
			remoteInfo = dataProtocol_practice;
		};
		4181FFDC259D87DC0008D2CC /* PBXContainerItemProxy */ = {
			isa = PBXContainerItemProxy;
			containerPortal = 4181FFB2259D87DA0008D2CC /* Project object */;
			proxyType = 1;
			remoteGlobalIDString = 4181FFB9259D87DA0008D2CC;
			remoteInfo = dataProtocol_practice;
		};
/* End PBXContainerItemProxy section */

/* Begin PBXFileReference section */
		4181FFBA259D87DA0008D2CC /* dataProtocol_practice.app */ = {isa = PBXFileReference; explicitFileType = wrapper.application; includeInIndex = 0; path = dataProtocol_practice.app; sourceTree = BUILT_PRODUCTS_DIR; };
		4181FFBD259D87DA0008D2CC /* AppDelegate.swift */ = {isa = PBXFileReference; lastKnownFileType = sourcecode.swift; path = AppDelegate.swift; sourceTree = "<group>"; };
		4181FFBF259D87DA0008D2CC /* SceneDelegate.swift */ = {isa = PBXFileReference; lastKnownFileType = sourcecode.swift; path = SceneDelegate.swift; sourceTree = "<group>"; };
		4181FFC1259D87DA0008D2CC /* ViewController.swift */ = {isa = PBXFileReference; lastKnownFileType = sourcecode.swift; path = ViewController.swift; sourceTree = "<group>"; };
		4181FFC4259D87DA0008D2CC /* Base */ = {isa = PBXFileReference; lastKnownFileType = file.storyboard; name = Base; path = Base.lproj/Main.storyboard; sourceTree = "<group>"; };
		4181FFC6259D87DC0008D2CC /* Assets.xcassets */ = {isa = PBXFileReference; lastKnownFileType = folder.assetcatalog; path = Assets.xcassets; sourceTree = "<group>"; };
		4181FFC9259D87DC0008D2CC /* Base */ = {isa = PBXFileReference; lastKnownFileType = file.storyboard; name = Base; path = Base.lproj/LaunchScreen.storyboard; sourceTree = "<group>"; };
		4181FFCB259D87DC0008D2CC /* Info.plist */ = {isa = PBXFileReference; lastKnownFileType = text.plist.xml; path = Info.plist; sourceTree = "<group>"; };
		4181FFD0259D87DC0008D2CC /* dataProtocol_practiceTests.xctest */ = {isa = PBXFileReference; explicitFileType = wrapper.cfbundle; includeInIndex = 0; path = dataProtocol_practiceTests.xctest; sourceTree = BUILT_PRODUCTS_DIR; };
		4181FFD4259D87DC0008D2CC /* dataProtocol_practiceTests.swift */ = {isa = PBXFileReference; lastKnownFileType = sourcecode.swift; path = dataProtocol_practiceTests.swift; sourceTree = "<group>"; };
		4181FFD6259D87DC0008D2CC /* Info.plist */ = {isa = PBXFileReference; lastKnownFileType = text.plist.xml; path = Info.plist; sourceTree = "<group>"; };
		4181FFDB259D87DC0008D2CC /* dataProtocol_practiceUITests.xctest */ = {isa = PBXFileReference; explicitFileType = wrapper.cfbundle; includeInIndex = 0; path = dataProtocol_practiceUITests.xctest; sourceTree = BUILT_PRODUCTS_DIR; };
		4181FFDF259D87DC0008D2CC /* dataProtocol_practiceUITests.swift */ = {isa = PBXFileReference; lastKnownFileType = sourcecode.swift; path = dataProtocol_practiceUITests.swift; sourceTree = "<group>"; };
		4181FFE1259D87DC0008D2CC /* Info.plist */ = {isa = PBXFileReference; lastKnownFileType = text.plist.xml; path = Info.plist; sourceTree = "<group>"; };
/* End PBXFileReference section */

/* Begin PBXFrameworksBuildPhase section */
		4181FFB7259D87DA0008D2CC /* Frameworks */ = {
			isa = PBXFrameworksBuildPhase;
			buildActionMask = 2147483647;
			files = (
			);
			runOnlyForDeploymentPostprocessing = 0;
		};
		4181FFCD259D87DC0008D2CC /* Frameworks */ = {
			isa = PBXFrameworksBuildPhase;
			buildActionMask = 2147483647;
			files = (
			);
			runOnlyForDeploymentPostprocessing = 0;
		};
		4181FFD8259D87DC0008D2CC /* Frameworks */ = {
			isa = PBXFrameworksBuildPhase;
			buildActionMask = 2147483647;
			files = (
			);
			runOnlyForDeploymentPostprocessing = 0;
		};
/* End PBXFrameworksBuildPhase section */

/* Begin PBXGroup section */
		4181FFB1259D87DA0008D2CC = {
			isa = PBXGroup;
			children = (
				4181FFBC259D87DA0008D2CC /* dataProtocol_practice */,
				4181FFD3259D87DC0008D2CC /* dataProtocol_practiceTests */,
				4181FFDE259D87DC0008D2CC /* dataProtocol_practiceUITests */,
				4181FFBB259D87DA0008D2CC /* Products */,
			);
			sourceTree = "<group>";
		};
		4181FFBB259D87DA0008D2CC /* Products */ = {
			isa = PBXGroup;
			children = (
				4181FFBA259D87DA0008D2CC /* dataProtocol_practice.app */,
				4181FFD0259D87DC0008D2CC /* dataProtocol_practiceTests.xctest */,
				4181FFDB259D87DC0008D2CC /* dataProtocol_practiceUITests.xctest */,
			);
			name = Products;
			sourceTree = "<group>";
		};
		4181FFBC259D87DA0008D2CC /* dataProtocol_practice */ = {
			isa = PBXGroup;
			children = (
				4181FFBD259D87DA0008D2CC /* AppDelegate.swift */,
				4181FFBF259D87DA0008D2CC /* SceneDelegate.swift */,
				4181FFC1259D87DA0008D2CC /* ViewController.swift */,
				4181FFC3259D87DA0008D2CC /* Main.storyboard */,
				4181FFC6259D87DC0008D2CC /* Assets.xcassets */,
				4181FFC8259D87DC0008D2CC /* LaunchScreen.storyboard */,
				4181FFCB259D87DC0008D2CC /* Info.plist */,
			);
			path = dataProtocol_practice;
			sourceTree = "<group>";
		};
		4181FFD3259D87DC0008D2CC /* dataProtocol_practiceTests */ = {
			isa = PBXGroup;
			children = (
				4181FFD4259D87DC0008D2CC /* dataProtocol_practiceTests.swift */,
				4181FFD6259D87DC0008D2CC /* Info.plist */,
			);
			path = dataProtocol_practiceTests;
			sourceTree = "<group>";
		};
		4181FFDE259D87DC0008D2CC /* dataProtocol_practiceUITests */ = {
			isa = PBXGroup;
			children = (
				4181FFDF259D87DC0008D2CC /* dataProtocol_practiceUITests.swift */,
				4181FFE1259D87DC0008D2CC /* Info.plist */,
			);
			path = dataProtocol_practiceUITests;
			sourceTree = "<group>";
		};
/* End PBXGroup section */

/* Begin PBXNativeTarget section */
		4181FFB9259D87DA0008D2CC /* dataProtocol_practice */ = {
			isa = PBXNativeTarget;
			buildConfigurationList = 4181FFE4259D87DC0008D2CC /* Build configuration list for PBXNativeTarget "dataProtocol_practice" */;
			buildPhases = (
				4181FFB6259D87DA0008D2CC /* Sources */,
				4181FFB7259D87DA0008D2CC /* Frameworks */,
				4181FFB8259D87DA0008D2CC /* Resources */,
			);
			buildRules = (
			);
			dependencies = (
			);
			name = dataProtocol_practice;
			productName = dataProtocol_practice;
			productReference = 4181FFBA259D87DA0008D2CC /* dataProtocol_practice.app */;
			productType = "com.apple.product-type.application";
		};
		4181FFCF259D87DC0008D2CC /* dataProtocol_practiceTests */ = {
			isa = PBXNativeTarget;
			buildConfigurationList = 4181FFE7259D87DC0008D2CC /* Build configuration list for PBXNativeTarget "dataProtocol_practiceTests" */;
			buildPhases = (
				4181FFCC259D87DC0008D2CC /* Sources */,
				4181FFCD259D87DC0008D2CC /* Frameworks */,
				4181FFCE259D87DC0008D2CC /* Resources */,
			);
			buildRules = (
			);
			dependencies = (
				4181FFD2259D87DC0008D2CC /* PBXTargetDependency */,
			);
			name = dataProtocol_practiceTests;
			productName = dataProtocol_practiceTests;
			productReference = 4181FFD0259D87DC0008D2CC /* dataProtocol_practiceTests.xctest */;
			productType = "com.apple.product-type.bundle.unit-test";
		};
		4181FFDA259D87DC0008D2CC /* dataProtocol_practiceUITests */ = {
			isa = PBXNativeTarget;
			buildConfigurationList = 4181FFEA259D87DC0008D2CC /* Build configuration list for PBXNativeTarget "dataProtocol_practiceUITests" */;
			buildPhases = (
				4181FFD7259D87DC0008D2CC /* Sources */,
				4181FFD8259D87DC0008D2CC /* Frameworks */,
				4181FFD9259D87DC0008D2CC /* Resources */,
			);
			buildRules = (
			);
			dependencies = (
				4181FFDD259D87DC0008D2CC /* PBXTargetDependency */,
			);
			name = dataProtocol_practiceUITests;
			productName = dataProtocol_practiceUITests;
			productReference = 4181FFDB259D87DC0008D2CC /* dataProtocol_practiceUITests.xctest */;
			productType = "com.apple.product-type.bundle.ui-testing";
		};
/* End PBXNativeTarget section */

/* Begin PBXProject section */
		4181FFB2259D87DA0008D2CC /* Project object */ = {
			isa = PBXProject;
			attributes = {
				LastSwiftUpdateCheck = 1230;
				LastUpgradeCheck = 1230;
				TargetAttributes = {
					4181FFB9259D87DA0008D2CC = {
						CreatedOnToolsVersion = 12.3;
					};
					4181FFCF259D87DC0008D2CC = {
						CreatedOnToolsVersion = 12.3;
						TestTargetID = 4181FFB9259D87DA0008D2CC;
					};
					4181FFDA259D87DC0008D2CC = {
						CreatedOnToolsVersion = 12.3;
						TestTargetID = 4181FFB9259D87DA0008D2CC;
					};
				};
			};
			buildConfigurationList = 4181FFB5259D87DA0008D2CC /* Build configuration list for PBXProject "dataProtocol_practice" */;
			compatibilityVersion = "Xcode 9.3";
			developmentRegion = en;
			hasScannedForEncodings = 0;
			knownRegions = (
				en,
				Base,
			);
			mainGroup = 4181FFB1259D87DA0008D2CC;
			productRefGroup = 4181FFBB259D87DA0008D2CC /* Products */;
			projectDirPath = "";
			projectRoot = "";
			targets = (
				4181FFB9259D87DA0008D2CC /* dataProtocol_practice */,
				4181FFCF259D87DC0008D2CC /* dataProtocol_practiceTests */,
				4181FFDA259D87DC0008D2CC /* dataProtocol_practiceUITests */,
			);
		};
/* End PBXProject section */

/* Begin PBXResourcesBuildPhase section */
		4181FFB8259D87DA0008D2CC /* Resources */ = {
			isa = PBXResourcesBuildPhase;
			buildActionMask = 2147483647;
			files = (
				4181FFCA259D87DC0008D2CC /* LaunchScreen.storyboard in Resources */,
				4181FFC7259D87DC0008D2CC /* Assets.xcassets in Resources */,
				4181FFC5259D87DA0008D2CC /* Main.storyboard in Resources */,
			);
			runOnlyForDeploymentPostprocessing = 0;
		};
		4181FFCE259D87DC0008D2CC /* Resources */ = {
			isa = PBXResourcesBuildPhase;
			buildActionMask = 2147483647;
			files = (
			);
			runOnlyForDeploymentPostprocessing = 0;
		};
		4181FFD9259D87DC0008D2CC /* Resources */ = {
			isa = PBXResourcesBuildPhase;
			buildActionMask = 2147483647;
			files = (
			);
			runOnlyForDeploymentPostprocessing = 0;
		};
/* End PBXResourcesBuildPhase section */

/* Begin PBXSourcesBuildPhase section */
		4181FFB6259D87DA0008D2CC /* Sources */ = {
			isa = PBXSourcesBuildPhase;
			buildActionMask = 2147483647;
			files = (
				4181FFC2259D87DA0008D2CC /* ViewController.swift in Sources */,
				4181FFBE259D87DA0008D2CC /* AppDelegate.swift in Sources */,
				4181FFC0259D87DA0008D2CC /* SceneDelegate.swift in Sources */,
			);
			runOnlyForDeploymentPostprocessing = 0;
		};
		4181FFCC259D87DC0008D2CC /* Sources */ = {
			isa = PBXSourcesBuildPhase;
			buildActionMask = 2147483647;
			files = (
				4181FFD5259D87DC0008D2CC /* dataProtocol_practiceTests.swift in Sources */,
			);
			runOnlyForDeploymentPostprocessing = 0;
		};
		4181FFD7259D87DC0008D2CC /* Sources */ = {
			isa = PBXSourcesBuildPhase;
			buildActionMask = 2147483647;
			files = (
				4181FFE0259D87DC0008D2CC /* dataProtocol_practiceUITests.swift in Sources */,
			);
			runOnlyForDeploymentPostprocessing = 0;
		};
/* End PBXSourcesBuildPhase section */

/* Begin PBXTargetDependency section */
		4181FFD2259D87DC0008D2CC /* PBXTargetDependency */ = {
			isa = PBXTargetDependency;
			target = 4181FFB9259D87DA0008D2CC /* dataProtocol_practice */;
			targetProxy = 4181FFD1259D87DC0008D2CC /* PBXContainerItemProxy */;
		};
		4181FFDD259D87DC0008D2CC /* PBXTargetDependency */ = {
			isa = PBXTargetDependency;
			target = 4181FFB9259D87DA0008D2CC /* dataProtocol_practice */;
			targetProxy = 4181FFDC259D87DC0008D2CC /* PBXContainerItemProxy */;
		};
/* End PBXTargetDependency section */

/* Begin PBXVariantGroup section */
		4181FFC3259D87DA0008D2CC /* Main.storyboard */ = {
			isa = PBXVariantGroup;
			children = (
				4181FFC4259D87DA0008D2CC /* Base */,
			);
			name = Main.storyboard;
			sourceTree = "<group>";
		};
		4181FFC8259D87DC0008D2CC /* LaunchScreen.storyboard */ = {
			isa = PBXVariantGroup;
			children = (
				4181FFC9259D87DC0008D2CC /* Base */,
			);
			name = LaunchScreen.storyboard;
			sourceTree = "<group>";
		};
/* End PBXVariantGroup section */

/* Begin XCBuildConfiguration section */
		4181FFE2259D87DC0008D2CC /* Debug */ = {
			isa = XCBuildConfiguration;
			buildSettings = {
				ALWAYS_SEARCH_USER_PATHS = NO;
				CLANG_ANALYZER_NONNULL = YES;
				CLANG_ANALYZER_NUMBER_OBJECT_CONVERSION = YES_AGGRESSIVE;
				CLANG_CXX_LANGUAGE_STANDARD = "gnu++14";
				CLANG_CXX_LIBRARY = "libc++";
				CLANG_ENABLE_MODULES = YES;
				CLANG_ENABLE_OBJC_ARC = YES;
				CLANG_ENABLE_OBJC_WEAK = YES;
				CLANG_WARN_BLOCK_CAPTURE_AUTORELEASING = YES;
				CLANG_WARN_BOOL_CONVERSION = YES;
				CLANG_WARN_COMMA = YES;
				CLANG_WARN_CONSTANT_CONVERSION = YES;
				CLANG_WARN_DEPRECATED_OBJC_IMPLEMENTATIONS = YES;
				CLANG_WARN_DIRECT_OBJC_ISA_USAGE = YES_ERROR;
				CLANG_WARN_DOCUMENTATION_COMMENTS = YES;
				CLANG_WARN_EMPTY_BODY = YES;
				CLANG_WARN_ENUM_CONVERSION = YES;
				CLANG_WARN_INFINITE_RECURSION = YES;
				CLANG_WARN_INT_CONVERSION = YES;
				CLANG_WARN_NON_LITERAL_NULL_CONVERSION = YES;
				CLANG_WARN_OBJC_IMPLICIT_RETAIN_SELF = YES;
				CLANG_WARN_OBJC_LITERAL_CONVERSION = YES;
				CLANG_WARN_OBJC_ROOT_CLASS = YES_ERROR;
				CLANG_WARN_QUOTED_INCLUDE_IN_FRAMEWORK_HEADER = YES;
				CLANG_WARN_RANGE_LOOP_ANALYSIS = YES;
				CLANG_WARN_STRICT_PROTOTYPES = YES;
				CLANG_WARN_SUSPICIOUS_MOVE = YES;
				CLANG_WARN_UNGUARDED_AVAILABILITY = YES_AGGRESSIVE;
				CLANG_WARN_UNREACHABLE_CODE = YES;
				CLANG_WARN__DUPLICATE_METHOD_MATCH = YES;
				COPY_PHASE_STRIP = NO;
				DEBUG_INFORMATION_FORMAT = dwarf;
				ENABLE_STRICT_OBJC_MSGSEND = YES;
				ENABLE_TESTABILITY = YES;
				GCC_C_LANGUAGE_STANDARD = gnu11;
				GCC_DYNAMIC_NO_PIC = NO;
				GCC_NO_COMMON_BLOCKS = YES;
				GCC_OPTIMIZATION_LEVEL = 0;
				GCC_PREPROCESSOR_DEFINITIONS = (
					"DEBUG=1",
					"$(inherited)",
				);
				GCC_WARN_64_TO_32_BIT_CONVERSION = YES;
				GCC_WARN_ABOUT_RETURN_TYPE = YES_ERROR;
				GCC_WARN_UNDECLARED_SELECTOR = YES;
				GCC_WARN_UNINITIALIZED_AUTOS = YES_AGGRESSIVE;
				GCC_WARN_UNUSED_FUNCTION = YES;
				GCC_WARN_UNUSED_VARIABLE = YES;
				IPHONEOS_DEPLOYMENT_TARGET = 14.3;
				MTL_ENABLE_DEBUG_INFO = INCLUDE_SOURCE;
				MTL_FAST_MATH = YES;
				ONLY_ACTIVE_ARCH = YES;
				SDKROOT = iphoneos;
				SWIFT_ACTIVE_COMPILATION_CONDITIONS = DEBUG;
				SWIFT_OPTIMIZATION_LEVEL = "-Onone";
			};
			name = Debug;
		};
		4181FFE3259D87DC0008D2CC /* Release */ = {
			isa = XCBuildConfiguration;
			buildSettings = {
				ALWAYS_SEARCH_USER_PATHS = NO;
				CLANG_ANALYZER_NONNULL = YES;
				CLANG_ANALYZER_NUMBER_OBJECT_CONVERSION = YES_AGGRESSIVE;
				CLANG_CXX_LANGUAGE_STANDARD = "gnu++14";
				CLANG_CXX_LIBRARY = "libc++";
				CLANG_ENABLE_MODULES = YES;
				CLANG_ENABLE_OBJC_ARC = YES;
				CLANG_ENABLE_OBJC_WEAK = YES;
				CLANG_WARN_BLOCK_CAPTURE_AUTORELEASING = YES;
				CLANG_WARN_BOOL_CONVERSION = YES;
				CLANG_WARN_COMMA = YES;
				CLANG_WARN_CONSTANT_CONVERSION = YES;
				CLANG_WARN_DEPRECATED_OBJC_IMPLEMENTATIONS = YES;
				CLANG_WARN_DIRECT_OBJC_ISA_USAGE = YES_ERROR;
				CLANG_WARN_DOCUMENTATION_COMMENTS = YES;
				CLANG_WARN_EMPTY_BODY = YES;
				CLANG_WARN_ENUM_CONVERSION = YES;
				CLANG_WARN_INFINITE_RECURSION = YES;
				CLANG_WARN_INT_CONVERSION = YES;
				CLANG_WARN_NON_LITERAL_NULL_CONVERSION = YES;
				CLANG_WARN_OBJC_IMPLICIT_RETAIN_SELF = YES;
				CLANG_WARN_OBJC_LITERAL_CONVERSION = YES;
				CLANG_WARN_OBJC_ROOT_CLASS = YES_ERROR;
				CLANG_WARN_QUOTED_INCLUDE_IN_FRAMEWORK_HEADER = YES;
				CLANG_WARN_RANGE_LOOP_ANALYSIS = YES;
				CLANG_WARN_STRICT_PROTOTYPES = YES;
				CLANG_WARN_SUSPICIOUS_MOVE = YES;
				CLANG_WARN_UNGUARDED_AVAILABILITY = YES_AGGRESSIVE;
				CLANG_WARN_UNREACHABLE_CODE = YES;
				CLANG_WARN__DUPLICATE_METHOD_MATCH = YES;
				COPY_PHASE_STRIP = NO;
				DEBUG_INFORMATION_FORMAT = "dwarf-with-dsym";
				ENABLE_NS_ASSERTIONS = NO;
				ENABLE_STRICT_OBJC_MSGSEND = YES;
				GCC_C_LANGUAGE_STANDARD = gnu11;
				GCC_NO_COMMON_BLOCKS = YES;
				GCC_WARN_64_TO_32_BIT_CONVERSION = YES;
				GCC_WARN_ABOUT_RETURN_TYPE = YES_ERROR;
				GCC_WARN_UNDECLARED_SELECTOR = YES;
				GCC_WARN_UNINITIALIZED_AUTOS = YES_AGGRESSIVE;
				GCC_WARN_UNUSED_FUNCTION = YES;
				GCC_WARN_UNUSED_VARIABLE = YES;
				IPHONEOS_DEPLOYMENT_TARGET = 14.3;
				MTL_ENABLE_DEBUG_INFO = NO;
				MTL_FAST_MATH = YES;
				SDKROOT = iphoneos;
				SWIFT_COMPILATION_MODE = wholemodule;
				SWIFT_OPTIMIZATION_LEVEL = "-O";
				VALIDATE_PRODUCT = YES;
			};
			name = Release;
		};
		4181FFE5259D87DC0008D2CC /* Debug */ = {
			isa = XCBuildConfiguration;
			buildSettings = {
				ASSETCATALOG_COMPILER_APPICON_NAME = AppIcon;
				ASSETCATALOG_COMPILER_GLOBAL_ACCENT_COLOR_NAME = AccentColor;
				CODE_SIGN_STYLE = Automatic;
				INFOPLIST_FILE = dataProtocol_practice/Info.plist;
				LD_RUNPATH_SEARCH_PATHS = (
					"$(inherited)",
					"@executable_path/Frameworks",
				);
				PRODUCT_BUNDLE_IDENTIFIER = "com.hyeuneune.dataProtocol-practice";
				PRODUCT_NAME = "$(TARGET_NAME)";
				SWIFT_VERSION = 5.0;
				TARGETED_DEVICE_FAMILY = "1,2";
			};
			name = Debug;
		};
		4181FFE6259D87DC0008D2CC /* Release */ = {
			isa = XCBuildConfiguration;
			buildSettings = {
				ASSETCATALOG_COMPILER_APPICON_NAME = AppIcon;
				ASSETCATALOG_COMPILER_GLOBAL_ACCENT_COLOR_NAME = AccentColor;
				CODE_SIGN_STYLE = Automatic;
				INFOPLIST_FILE = dataProtocol_practice/Info.plist;
				LD_RUNPATH_SEARCH_PATHS = (
					"$(inherited)",
					"@executable_path/Frameworks",
				);
				PRODUCT_BUNDLE_IDENTIFIER = "com.hyeuneune.dataProtocol-practice";
				PRODUCT_NAME = "$(TARGET_NAME)";
				SWIFT_VERSION = 5.0;
				TARGETED_DEVICE_FAMILY = "1,2";
			};
			name = Release;
		};
		4181FFE8259D87DC0008D2CC /* Debug */ = {
			isa = XCBuildConfiguration;
			buildSettings = {
				ALWAYS_EMBED_SWIFT_STANDARD_LIBRARIES = YES;
				BUNDLE_LOADER = "$(TEST_HOST)";
				CODE_SIGN_STYLE = Automatic;
				INFOPLIST_FILE = dataProtocol_practiceTests/Info.plist;
				IPHONEOS_DEPLOYMENT_TARGET = 14.3;
				LD_RUNPATH_SEARCH_PATHS = (
					"$(inherited)",
					"@executable_path/Frameworks",
					"@loader_path/Frameworks",
				);
				PRODUCT_BUNDLE_IDENTIFIER = "com.hyeuneune.dataProtocol-practiceTests";
				PRODUCT_NAME = "$(TARGET_NAME)";
				SWIFT_VERSION = 5.0;
				TARGETED_DEVICE_FAMILY = "1,2";
				TEST_HOST = "$(BUILT_PRODUCTS_DIR)/dataProtocol_practice.app/dataProtocol_practice";
			};
			name = Debug;
		};
		4181FFE9259D87DC0008D2CC /* Release */ = {
			isa = XCBuildConfiguration;
			buildSettings = {
				ALWAYS_EMBED_SWIFT_STANDARD_LIBRARIES = YES;
				BUNDLE_LOADER = "$(TEST_HOST)";
				CODE_SIGN_STYLE = Automatic;
				INFOPLIST_FILE = dataProtocol_practiceTests/Info.plist;
				IPHONEOS_DEPLOYMENT_TARGET = 14.3;
				LD_RUNPATH_SEARCH_PATHS = (
					"$(inherited)",
					"@executable_path/Frameworks",
					"@loader_path/Frameworks",
				);
				PRODUCT_BUNDLE_IDENTIFIER = "com.hyeuneune.dataProtocol-practiceTests";
				PRODUCT_NAME = "$(TARGET_NAME)";
				SWIFT_VERSION = 5.0;
				TARGETED_DEVICE_FAMILY = "1,2";
				TEST_HOST = "$(BUILT_PRODUCTS_DIR)/dataProtocol_practice.app/dataProtocol_practice";
			};
			name = Release;
		};
		4181FFEB259D87DC0008D2CC /* Debug */ = {
			isa = XCBuildConfiguration;
			buildSettings = {
				ALWAYS_EMBED_SWIFT_STANDARD_LIBRARIES = YES;
				CODE_SIGN_STYLE = Automatic;
				INFOPLIST_FILE = dataProtocol_practiceUITests/Info.plist;
				LD_RUNPATH_SEARCH_PATHS = (
					"$(inherited)",
					"@executable_path/Frameworks",
					"@loader_path/Frameworks",
				);
				PRODUCT_BUNDLE_IDENTIFIER = "com.hyeuneune.dataProtocol-practiceUITests";
				PRODUCT_NAME = "$(TARGET_NAME)";
				SWIFT_VERSION = 5.0;
				TARGETED_DEVICE_FAMILY = "1,2";
				TEST_TARGET_NAME = dataProtocol_practice;
			};
			name = Debug;
		};
		4181FFEC259D87DC0008D2CC /* Release */ = {
			isa = XCBuildConfiguration;
			buildSettings = {
				ALWAYS_EMBED_SWIFT_STANDARD_LIBRARIES = YES;
				CODE_SIGN_STYLE = Automatic;
				INFOPLIST_FILE = dataProtocol_practiceUITests/Info.plist;
				LD_RUNPATH_SEARCH_PATHS = (
					"$(inherited)",
					"@executable_path/Frameworks",
					"@loader_path/Frameworks",
				);
				PRODUCT_BUNDLE_IDENTIFIER = "com.hyeuneune.dataProtocol-practiceUITests";
				PRODUCT_NAME = "$(TARGET_NAME)";
				SWIFT_VERSION = 5.0;
				TARGETED_DEVICE_FAMILY = "1,2";
				TEST_TARGET_NAME = dataProtocol_practice;
			};
			name = Release;
		};
/* End XCBuildConfiguration section */

/* Begin XCConfigurationList section */
		4181FFB5259D87DA0008D2CC /* Build configuration list for PBXProject "dataProtocol_practice" */ = {
			isa = XCConfigurationList;
			buildConfigurations = (
				4181FFE2259D87DC0008D2CC /* Debug */,
				4181FFE3259D87DC0008D2CC /* Release */,
			);
			defaultConfigurationIsVisible = 0;
			defaultConfigurationName = Release;
		};
		4181FFE4259D87DC0008D2CC /* Build configuration list for PBXNativeTarget "dataProtocol_practice" */ = {
			isa = XCConfigurationList;
			buildConfigurations = (
				4181FFE5259D87DC0008D2CC /* Debug */,
				4181FFE6259D87DC0008D2CC /* Release */,
			);
			defaultConfigurationIsVisible = 0;
			defaultConfigurationName = Release;
		};
		4181FFE7259D87DC0008D2CC /* Build configuration list for PBXNativeTarget "dataProtocol_practiceTests" */ = {
			isa = XCConfigurationList;
			buildConfigurations = (
				4181FFE8259D87DC0008D2CC /* Debug */,
				4181FFE9259D87DC0008D2CC /* Release */,
			);
			defaultConfigurationIsVisible = 0;
			defaultConfigurationName = Release;
		};
		4181FFEA259D87DC0008D2CC /* Build configuration list for PBXNativeTarget "dataProtocol_practiceUITests" */ = {
			isa = XCConfigurationList;
			buildConfigurations = (
				4181FFEB259D87DC0008D2CC /* Debug */,
				4181FFEC259D87DC0008D2CC /* Release */,
			);
			defaultConfigurationIsVisible = 0;
			defaultConfigurationName = Release;
		};
/* End XCConfigurationList section */
	};
	rootObject = 4181FFB2259D87DA0008D2CC /* Project object */;
}
