// !$*UTF8*$!
{
	archiveVersion = 1;
	classes = {
	};
	objectVersion = 50;
	objects = {

/* Begin PBXBuildFile section */
		4194F73F25902BF9006797C1 /* AppDelegate.swift in Sources */ = {isa = PBXBuildFile; fileRef = 4194F73E25902BF9006797C1 /* AppDelegate.swift */; };
		4194F74125902BF9006797C1 /* SceneDelegate.swift in Sources */ = {isa = PBXBuildFile; fileRef = 4194F74025902BF9006797C1 /* SceneDelegate.swift */; };
		4194F74325902BF9006797C1 /* ViewController.swift in Sources */ = {isa = PBXBuildFile; fileRef = 4194F74225902BF9006797C1 /* ViewController.swift */; };
		4194F74625902BF9006797C1 /* Main.storyboard in Resources */ = {isa = PBXBuildFile; fileRef = 4194F74425902BF9006797C1 /* Main.storyboard */; };
		4194F74825902BFA006797C1 /* Assets.xcassets in Resources */ = {isa = PBXBuildFile; fileRef = 4194F74725902BFA006797C1 /* Assets.xcassets */; };
		4194F74B25902BFA006797C1 /* LaunchScreen.storyboard in Resources */ = {isa = PBXBuildFile; fileRef = 4194F74925902BFA006797C1 /* LaunchScreen.storyboard */; };
		4194F75625902BFA006797C1 /* Weather_practiceTests.swift in Sources */ = {isa = PBXBuildFile; fileRef = 4194F75525902BFA006797C1 /* Weather_practiceTests.swift */; };
		4194F76125902BFA006797C1 /* Weather_practiceUITests.swift in Sources */ = {isa = PBXBuildFile; fileRef = 4194F76025902BFA006797C1 /* Weather_practiceUITests.swift */; };
		4194F77525902F1D006797C1 /* WeatherTableViewCell.swift in Sources */ = {isa = PBXBuildFile; fileRef = 4194F77325902F1D006797C1 /* WeatherTableViewCell.swift */; };
		4194F77625902F1D006797C1 /* WeatherTableViewCell.xib in Resources */ = {isa = PBXBuildFile; fileRef = 4194F77425902F1D006797C1 /* WeatherTableViewCell.xib */; };
		4194F77C25902F39006797C1 /* HourlyTableViewCell.swift in Sources */ = {isa = PBXBuildFile; fileRef = 4194F77A25902F39006797C1 /* HourlyTableViewCell.swift */; };
		4194F77D25902F39006797C1 /* HourlyTableViewCell.xib in Resources */ = {isa = PBXBuildFile; fileRef = 4194F77B25902F39006797C1 /* HourlyTableViewCell.xib */; };
/* End PBXBuildFile section */

/* Begin PBXContainerItemProxy section */
		4194F75225902BFA006797C1 /* PBXContainerItemProxy */ = {
			isa = PBXContainerItemProxy;
			containerPortal = 4194F73325902BF9006797C1 /* Project object */;
			proxyType = 1;
			remoteGlobalIDString = 4194F73A25902BF9006797C1;
			remoteInfo = Weather_practice;
		};
		4194F75D25902BFA006797C1 /* PBXContainerItemProxy */ = {
			isa = PBXContainerItemProxy;
			containerPortal = 4194F73325902BF9006797C1 /* Project object */;
			proxyType = 1;
			remoteGlobalIDString = 4194F73A25902BF9006797C1;
			remoteInfo = Weather_practice;
		};
/* End PBXContainerItemProxy section */

/* Begin PBXFileReference section */
		4194F73B25902BF9006797C1 /* Weather_practice.app */ = {isa = PBXFileReference; explicitFileType = wrapper.application; includeInIndex = 0; path = Weather_practice.app; sourceTree = BUILT_PRODUCTS_DIR; };
		4194F73E25902BF9006797C1 /* AppDelegate.swift */ = {isa = PBXFileReference; lastKnownFileType = sourcecode.swift; path = AppDelegate.swift; sourceTree = "<group>"; };
		4194F74025902BF9006797C1 /* SceneDelegate.swift */ = {isa = PBXFileReference; lastKnownFileType = sourcecode.swift; path = SceneDelegate.swift; sourceTree = "<group>"; };
		4194F74225902BF9006797C1 /* ViewController.swift */ = {isa = PBXFileReference; lastKnownFileType = sourcecode.swift; path = ViewController.swift; sourceTree = "<group>"; };
		4194F74525902BF9006797C1 /* Base */ = {isa = PBXFileReference; lastKnownFileType = file.storyboard; name = Base; path = Base.lproj/Main.storyboard; sourceTree = "<group>"; };
		4194F74725902BFA006797C1 /* Assets.xcassets */ = {isa = PBXFileReference; lastKnownFileType = folder.assetcatalog; path = Assets.xcassets; sourceTree = "<group>"; };
		4194F74A25902BFA006797C1 /* Base */ = {isa = PBXFileReference; lastKnownFileType = file.storyboard; name = Base; path = Base.lproj/LaunchScreen.storyboard; sourceTree = "<group>"; };
		4194F74C25902BFA006797C1 /* Info.plist */ = {isa = PBXFileReference; lastKnownFileType = text.plist.xml; path = Info.plist; sourceTree = "<group>"; };
		4194F75125902BFA006797C1 /* Weather_practiceTests.xctest */ = {isa = PBXFileReference; explicitFileType = wrapper.cfbundle; includeInIndex = 0; path = Weather_practiceTests.xctest; sourceTree = BUILT_PRODUCTS_DIR; };
		4194F75525902BFA006797C1 /* Weather_practiceTests.swift */ = {isa = PBXFileReference; lastKnownFileType = sourcecode.swift; path = Weather_practiceTests.swift; sourceTree = "<group>"; };
		4194F75725902BFA006797C1 /* Info.plist */ = {isa = PBXFileReference; lastKnownFileType = text.plist.xml; path = Info.plist; sourceTree = "<group>"; };
		4194F75C25902BFA006797C1 /* Weather_practiceUITests.xctest */ = {isa = PBXFileReference; explicitFileType = wrapper.cfbundle; includeInIndex = 0; path = Weather_practiceUITests.xctest; sourceTree = BUILT_PRODUCTS_DIR; };
		4194F76025902BFA006797C1 /* Weather_practiceUITests.swift */ = {isa = PBXFileReference; lastKnownFileType = sourcecode.swift; path = Weather_practiceUITests.swift; sourceTree = "<group>"; };
		4194F76225902BFA006797C1 /* Info.plist */ = {isa = PBXFileReference; lastKnownFileType = text.plist.xml; path = Info.plist; sourceTree = "<group>"; };
		4194F77325902F1D006797C1 /* WeatherTableViewCell.swift */ = {isa = PBXFileReference; lastKnownFileType = sourcecode.swift; path = WeatherTableViewCell.swift; sourceTree = "<group>"; };
		4194F77425902F1D006797C1 /* WeatherTableViewCell.xib */ = {isa = PBXFileReference; lastKnownFileType = file.xib; path = WeatherTableViewCell.xib; sourceTree = "<group>"; };
		4194F77A25902F39006797C1 /* HourlyTableViewCell.swift */ = {isa = PBXFileReference; lastKnownFileType = sourcecode.swift; path = HourlyTableViewCell.swift; sourceTree = "<group>"; };
		4194F77B25902F39006797C1 /* HourlyTableViewCell.xib */ = {isa = PBXFileReference; lastKnownFileType = file.xib; path = HourlyTableViewCell.xib; sourceTree = "<group>"; };
/* End PBXFileReference section */

/* Begin PBXFrameworksBuildPhase section */
		4194F73825902BF9006797C1 /* Frameworks */ = {
			isa = PBXFrameworksBuildPhase;
			buildActionMask = 2147483647;
			files = (
			);
			runOnlyForDeploymentPostprocessing = 0;
		};
		4194F74E25902BFA006797C1 /* Frameworks */ = {
			isa = PBXFrameworksBuildPhase;
			buildActionMask = 2147483647;
			files = (
			);
			runOnlyForDeploymentPostprocessing = 0;
		};
		4194F75925902BFA006797C1 /* Frameworks */ = {
			isa = PBXFrameworksBuildPhase;
			buildActionMask = 2147483647;
			files = (
			);
			runOnlyForDeploymentPostprocessing = 0;
		};
/* End PBXFrameworksBuildPhase section */

/* Begin PBXGroup section */
		4194F73225902BF9006797C1 = {
			isa = PBXGroup;
			children = (
				4194F73D25902BF9006797C1 /* Weather_practice */,
				4194F75425902BFA006797C1 /* Weather_practiceTests */,
				4194F75F25902BFA006797C1 /* Weather_practiceUITests */,
				4194F73C25902BF9006797C1 /* Products */,
			);
			sourceTree = "<group>";
		};
		4194F73C25902BF9006797C1 /* Products */ = {
			isa = PBXGroup;
			children = (
				4194F73B25902BF9006797C1 /* Weather_practice.app */,
				4194F75125902BFA006797C1 /* Weather_practiceTests.xctest */,
				4194F75C25902BFA006797C1 /* Weather_practiceUITests.xctest */,
			);
			name = Products;
			sourceTree = "<group>";
		};
		4194F73D25902BF9006797C1 /* Weather_practice */ = {
			isa = PBXGroup;
			children = (
				4194F77225902EDA006797C1 /* HourlyCollectionCell */,
				4194F77125902ECD006797C1 /* WeatherCell */,
				4194F73E25902BF9006797C1 /* AppDelegate.swift */,
				4194F74025902BF9006797C1 /* SceneDelegate.swift */,
				4194F74225902BF9006797C1 /* ViewController.swift */,
				4194F74425902BF9006797C1 /* Main.storyboard */,
				4194F74725902BFA006797C1 /* Assets.xcassets */,
				4194F74925902BFA006797C1 /* LaunchScreen.storyboard */,
				4194F74C25902BFA006797C1 /* Info.plist */,
			);
			path = Weather_practice;
			sourceTree = "<group>";
		};
		4194F75425902BFA006797C1 /* Weather_practiceTests */ = {
			isa = PBXGroup;
			children = (
				4194F75525902BFA006797C1 /* Weather_practiceTests.swift */,
				4194F75725902BFA006797C1 /* Info.plist */,
			);
			path = Weather_practiceTests;
			sourceTree = "<group>";
		};
		4194F75F25902BFA006797C1 /* Weather_practiceUITests */ = {
			isa = PBXGroup;
			children = (
				4194F76025902BFA006797C1 /* Weather_practiceUITests.swift */,
				4194F76225902BFA006797C1 /* Info.plist */,
			);
			path = Weather_practiceUITests;
			sourceTree = "<group>";
		};
		4194F77125902ECD006797C1 /* WeatherCell */ = {
			isa = PBXGroup;
			children = (
				4194F77325902F1D006797C1 /* WeatherTableViewCell.swift */,
				4194F77425902F1D006797C1 /* WeatherTableViewCell.xib */,
			);
			path = WeatherCell;
			sourceTree = "<group>";
		};
		4194F77225902EDA006797C1 /* HourlyCollectionCell */ = {
			isa = PBXGroup;
			children = (
				4194F77A25902F39006797C1 /* HourlyTableViewCell.swift */,
				4194F77B25902F39006797C1 /* HourlyTableViewCell.xib */,
			);
			path = HourlyCollectionCell;
			sourceTree = "<group>";
		};
/* End PBXGroup section */

/* Begin PBXNativeTarget section */
		4194F73A25902BF9006797C1 /* Weather_practice */ = {
			isa = PBXNativeTarget;
			buildConfigurationList = 4194F76525902BFA006797C1 /* Build configuration list for PBXNativeTarget "Weather_practice" */;
			buildPhases = (
				4194F73725902BF9006797C1 /* Sources */,
				4194F73825902BF9006797C1 /* Frameworks */,
				4194F73925902BF9006797C1 /* Resources */,
			);
			buildRules = (
			);
			dependencies = (
			);
			name = Weather_practice;
			productName = Weather_practice;
			productReference = 4194F73B25902BF9006797C1 /* Weather_practice.app */;
			productType = "com.apple.product-type.application";
		};
		4194F75025902BFA006797C1 /* Weather_practiceTests */ = {
			isa = PBXNativeTarget;
			buildConfigurationList = 4194F76825902BFA006797C1 /* Build configuration list for PBXNativeTarget "Weather_practiceTests" */;
			buildPhases = (
				4194F74D25902BFA006797C1 /* Sources */,
				4194F74E25902BFA006797C1 /* Frameworks */,
				4194F74F25902BFA006797C1 /* Resources */,
			);
			buildRules = (
			);
			dependencies = (
				4194F75325902BFA006797C1 /* PBXTargetDependency */,
			);
			name = Weather_practiceTests;
			productName = Weather_practiceTests;
			productReference = 4194F75125902BFA006797C1 /* Weather_practiceTests.xctest */;
			productType = "com.apple.product-type.bundle.unit-test";
		};
		4194F75B25902BFA006797C1 /* Weather_practiceUITests */ = {
			isa = PBXNativeTarget;
			buildConfigurationList = 4194F76B25902BFA006797C1 /* Build configuration list for PBXNativeTarget "Weather_practiceUITests" */;
			buildPhases = (
				4194F75825902BFA006797C1 /* Sources */,
				4194F75925902BFA006797C1 /* Frameworks */,
				4194F75A25902BFA006797C1 /* Resources */,
			);
			buildRules = (
			);
			dependencies = (
				4194F75E25902BFA006797C1 /* PBXTargetDependency */,
			);
			name = Weather_practiceUITests;
			productName = Weather_practiceUITests;
			productReference = 4194F75C25902BFA006797C1 /* Weather_practiceUITests.xctest */;
			productType = "com.apple.product-type.bundle.ui-testing";
		};
/* End PBXNativeTarget section */

/* Begin PBXProject section */
		4194F73325902BF9006797C1 /* Project object */ = {
			isa = PBXProject;
			attributes = {
				LastSwiftUpdateCheck = 1230;
				LastUpgradeCheck = 1230;
				TargetAttributes = {
					4194F73A25902BF9006797C1 = {
						CreatedOnToolsVersion = 12.3;
					};
					4194F75025902BFA006797C1 = {
						CreatedOnToolsVersion = 12.3;
						TestTargetID = 4194F73A25902BF9006797C1;
					};
					4194F75B25902BFA006797C1 = {
						CreatedOnToolsVersion = 12.3;
						TestTargetID = 4194F73A25902BF9006797C1;
					};
				};
			};
			buildConfigurationList = 4194F73625902BF9006797C1 /* Build configuration list for PBXProject "Weather_practice" */;
			compatibilityVersion = "Xcode 9.3";
			developmentRegion = en;
			hasScannedForEncodings = 0;
			knownRegions = (
				en,
				Base,
			);
			mainGroup = 4194F73225902BF9006797C1;
			productRefGroup = 4194F73C25902BF9006797C1 /* Products */;
			projectDirPath = "";
			projectRoot = "";
			targets = (
				4194F73A25902BF9006797C1 /* Weather_practice */,
				4194F75025902BFA006797C1 /* Weather_practiceTests */,
				4194F75B25902BFA006797C1 /* Weather_practiceUITests */,
			);
		};
/* End PBXProject section */

/* Begin PBXResourcesBuildPhase section */
		4194F73925902BF9006797C1 /* Resources */ = {
			isa = PBXResourcesBuildPhase;
			buildActionMask = 2147483647;
			files = (
				4194F77625902F1D006797C1 /* WeatherTableViewCell.xib in Resources */,
				4194F77D25902F39006797C1 /* HourlyTableViewCell.xib in Resources */,
				4194F74B25902BFA006797C1 /* LaunchScreen.storyboard in Resources */,
				4194F74825902BFA006797C1 /* Assets.xcassets in Resources */,
				4194F74625902BF9006797C1 /* Main.storyboard in Resources */,
			);
			runOnlyForDeploymentPostprocessing = 0;
		};
		4194F74F25902BFA006797C1 /* Resources */ = {
			isa = PBXResourcesBuildPhase;
			buildActionMask = 2147483647;
			files = (
			);
			runOnlyForDeploymentPostprocessing = 0;
		};
		4194F75A25902BFA006797C1 /* Resources */ = {
			isa = PBXResourcesBuildPhase;
			buildActionMask = 2147483647;
			files = (
			);
			runOnlyForDeploymentPostprocessing = 0;
		};
/* End PBXResourcesBuildPhase section */

/* Begin PBXSourcesBuildPhase section */
		4194F73725902BF9006797C1 /* Sources */ = {
			isa = PBXSourcesBuildPhase;
			buildActionMask = 2147483647;
			files = (
				4194F77525902F1D006797C1 /* WeatherTableViewCell.swift in Sources */,
				4194F74325902BF9006797C1 /* ViewController.swift in Sources */,
				4194F77C25902F39006797C1 /* HourlyTableViewCell.swift in Sources */,
				4194F73F25902BF9006797C1 /* AppDelegate.swift in Sources */,
				4194F74125902BF9006797C1 /* SceneDelegate.swift in Sources */,
			);
			runOnlyForDeploymentPostprocessing = 0;
		};
		4194F74D25902BFA006797C1 /* Sources */ = {
			isa = PBXSourcesBuildPhase;
			buildActionMask = 2147483647;
			files = (
				4194F75625902BFA006797C1 /* Weather_practiceTests.swift in Sources */,
			);
			runOnlyForDeploymentPostprocessing = 0;
		};
		4194F75825902BFA006797C1 /* Sources */ = {
			isa = PBXSourcesBuildPhase;
			buildActionMask = 2147483647;
			files = (
				4194F76125902BFA006797C1 /* Weather_practiceUITests.swift in Sources */,
			);
			runOnlyForDeploymentPostprocessing = 0;
		};
/* End PBXSourcesBuildPhase section */

/* Begin PBXTargetDependency section */
		4194F75325902BFA006797C1 /* PBXTargetDependency */ = {
			isa = PBXTargetDependency;
			target = 4194F73A25902BF9006797C1 /* Weather_practice */;
			targetProxy = 4194F75225902BFA006797C1 /* PBXContainerItemProxy */;
		};
		4194F75E25902BFA006797C1 /* PBXTargetDependency */ = {
			isa = PBXTargetDependency;
			target = 4194F73A25902BF9006797C1 /* Weather_practice */;
			targetProxy = 4194F75D25902BFA006797C1 /* PBXContainerItemProxy */;
		};
/* End PBXTargetDependency section */

/* Begin PBXVariantGroup section */
		4194F74425902BF9006797C1 /* Main.storyboard */ = {
			isa = PBXVariantGroup;
			children = (
				4194F74525902BF9006797C1 /* Base */,
			);
			name = Main.storyboard;
			sourceTree = "<group>";
		};
		4194F74925902BFA006797C1 /* LaunchScreen.storyboard */ = {
			isa = PBXVariantGroup;
			children = (
				4194F74A25902BFA006797C1 /* Base */,
			);
			name = LaunchScreen.storyboard;
			sourceTree = "<group>";
		};
/* End PBXVariantGroup section */

/* Begin XCBuildConfiguration section */
		4194F76325902BFA006797C1 /* Debug */ = {
			isa = XCBuildConfiguration;
			buildSettings = {
				ALWAYS_SEARCH_USER_PATHS = NO;
				CLANG_ANALYZER_NONNULL = YES;
				CLANG_ANALYZER_NUMBER_OBJECT_CONVERSION = YES_AGGRESSIVE;
				CLANG_CXX_LANGUAGE_STANDARD = "gnu++14";
				CLANG_CXX_LIBRARY = "libc++";
				CLANG_ENABLE_MODULES = YES;
				CLANG_ENABLE_OBJC_ARC = YES;
				CLANG_ENABLE_OBJC_WEAK = YES;
				CLANG_WARN_BLOCK_CAPTURE_AUTORELEASING = YES;
				CLANG_WARN_BOOL_CONVERSION = YES;
				CLANG_WARN_COMMA = YES;
				CLANG_WARN_CONSTANT_CONVERSION = YES;
				CLANG_WARN_DEPRECATED_OBJC_IMPLEMENTATIONS = YES;
				CLANG_WARN_DIRECT_OBJC_ISA_USAGE = YES_ERROR;
				CLANG_WARN_DOCUMENTATION_COMMENTS = YES;
				CLANG_WARN_EMPTY_BODY = YES;
				CLANG_WARN_ENUM_CONVERSION = YES;
				CLANG_WARN_INFINITE_RECURSION = YES;
				CLANG_WARN_INT_CONVERSION = YES;
				CLANG_WARN_NON_LITERAL_NULL_CONVERSION = YES;
				CLANG_WARN_OBJC_IMPLICIT_RETAIN_SELF = YES;
				CLANG_WARN_OBJC_LITERAL_CONVERSION = YES;
				CLANG_WARN_OBJC_ROOT_CLASS = YES_ERROR;
				CLANG_WARN_QUOTED_INCLUDE_IN_FRAMEWORK_HEADER = YES;
				CLANG_WARN_RANGE_LOOP_ANALYSIS = YES;
				CLANG_WARN_STRICT_PROTOTYPES = YES;
				CLANG_WARN_SUSPICIOUS_MOVE = YES;
				CLANG_WARN_UNGUARDED_AVAILABILITY = YES_AGGRESSIVE;
				CLANG_WARN_UNREACHABLE_CODE = YES;
				CLANG_WARN__DUPLICATE_METHOD_MATCH = YES;
				COPY_PHASE_STRIP = NO;
				DEBUG_INFORMATION_FORMAT = dwarf;
				ENABLE_STRICT_OBJC_MSGSEND = YES;
				ENABLE_TESTABILITY = YES;
				GCC_C_LANGUAGE_STANDARD = gnu11;
				GCC_DYNAMIC_NO_PIC = NO;
				GCC_NO_COMMON_BLOCKS = YES;
				GCC_OPTIMIZATION_LEVEL = 0;
				GCC_PREPROCESSOR_DEFINITIONS = (
					"DEBUG=1",
					"$(inherited)",
				);
				GCC_WARN_64_TO_32_BIT_CONVERSION = YES;
				GCC_WARN_ABOUT_RETURN_TYPE = YES_ERROR;
				GCC_WARN_UNDECLARED_SELECTOR = YES;
				GCC_WARN_UNINITIALIZED_AUTOS = YES_AGGRESSIVE;
				GCC_WARN_UNUSED_FUNCTION = YES;
				GCC_WARN_UNUSED_VARIABLE = YES;
				IPHONEOS_DEPLOYMENT_TARGET = 14.3;
				MTL_ENABLE_DEBUG_INFO = INCLUDE_SOURCE;
				MTL_FAST_MATH = YES;
				ONLY_ACTIVE_ARCH = YES;
				SDKROOT = iphoneos;
				SWIFT_ACTIVE_COMPILATION_CONDITIONS = DEBUG;
				SWIFT_OPTIMIZATION_LEVEL = "-Onone";
			};
			name = Debug;
		};
		4194F76425902BFA006797C1 /* Release */ = {
			isa = XCBuildConfiguration;
			buildSettings = {
				ALWAYS_SEARCH_USER_PATHS = NO;
				CLANG_ANALYZER_NONNULL = YES;
				CLANG_ANALYZER_NUMBER_OBJECT_CONVERSION = YES_AGGRESSIVE;
				CLANG_CXX_LANGUAGE_STANDARD = "gnu++14";
				CLANG_CXX_LIBRARY = "libc++";
				CLANG_ENABLE_MODULES = YES;
				CLANG_ENABLE_OBJC_ARC = YES;
				CLANG_ENABLE_OBJC_WEAK = YES;
				CLANG_WARN_BLOCK_CAPTURE_AUTORELEASING = YES;
				CLANG_WARN_BOOL_CONVERSION = YES;
				CLANG_WARN_COMMA = YES;
				CLANG_WARN_CONSTANT_CONVERSION = YES;
				CLANG_WARN_DEPRECATED_OBJC_IMPLEMENTATIONS = YES;
				CLANG_WARN_DIRECT_OBJC_ISA_USAGE = YES_ERROR;
				CLANG_WARN_DOCUMENTATION_COMMENTS = YES;
				CLANG_WARN_EMPTY_BODY = YES;
				CLANG_WARN_ENUM_CONVERSION = YES;
				CLANG_WARN_INFINITE_RECURSION = YES;
				CLANG_WARN_INT_CONVERSION = YES;
				CLANG_WARN_NON_LITERAL_NULL_CONVERSION = YES;
				CLANG_WARN_OBJC_IMPLICIT_RETAIN_SELF = YES;
				CLANG_WARN_OBJC_LITERAL_CONVERSION = YES;
				CLANG_WARN_OBJC_ROOT_CLASS = YES_ERROR;
				CLANG_WARN_QUOTED_INCLUDE_IN_FRAMEWORK_HEADER = YES;
				CLANG_WARN_RANGE_LOOP_ANALYSIS = YES;
				CLANG_WARN_STRICT_PROTOTYPES = YES;
				CLANG_WARN_SUSPICIOUS_MOVE = YES;
				CLANG_WARN_UNGUARDED_AVAILABILITY = YES_AGGRESSIVE;
				CLANG_WARN_UNREACHABLE_CODE = YES;
				CLANG_WARN__DUPLICATE_METHOD_MATCH = YES;
				COPY_PHASE_STRIP = NO;
				DEBUG_INFORMATION_FORMAT = "dwarf-with-dsym";
				ENABLE_NS_ASSERTIONS = NO;
				ENABLE_STRICT_OBJC_MSGSEND = YES;
				GCC_C_LANGUAGE_STANDARD = gnu11;
				GCC_NO_COMMON_BLOCKS = YES;
				GCC_WARN_64_TO_32_BIT_CONVERSION = YES;
				GCC_WARN_ABOUT_RETURN_TYPE = YES_ERROR;
				GCC_WARN_UNDECLARED_SELECTOR = YES;
				GCC_WARN_UNINITIALIZED_AUTOS = YES_AGGRESSIVE;
				GCC_WARN_UNUSED_FUNCTION = YES;
				GCC_WARN_UNUSED_VARIABLE = YES;
				IPHONEOS_DEPLOYMENT_TARGET = 14.3;
				MTL_ENABLE_DEBUG_INFO = NO;
				MTL_FAST_MATH = YES;
				SDKROOT = iphoneos;
				SWIFT_COMPILATION_MODE = wholemodule;
				SWIFT_OPTIMIZATION_LEVEL = "-O";
				VALIDATE_PRODUCT = YES;
			};
			name = Release;
		};
		4194F76625902BFA006797C1 /* Debug */ = {
			isa = XCBuildConfiguration;
			buildSettings = {
				ASSETCATALOG_COMPILER_APPICON_NAME = AppIcon;
				ASSETCATALOG_COMPILER_GLOBAL_ACCENT_COLOR_NAME = AccentColor;
				CODE_SIGN_STYLE = Automatic;
				INFOPLIST_FILE = Weather_practice/Info.plist;
				LD_RUNPATH_SEARCH_PATHS = (
					"$(inherited)",
					"@executable_path/Frameworks",
				);
				PRODUCT_BUNDLE_IDENTIFIER = "com.hyeuneune.Weather-practice";
				PRODUCT_NAME = "$(TARGET_NAME)";
				SWIFT_VERSION = 5.0;
				TARGETED_DEVICE_FAMILY = "1,2";
			};
			name = Debug;
		};
		4194F76725902BFA006797C1 /* Release */ = {
			isa = XCBuildConfiguration;
			buildSettings = {
				ASSETCATALOG_COMPILER_APPICON_NAME = AppIcon;
				ASSETCATALOG_COMPILER_GLOBAL_ACCENT_COLOR_NAME = AccentColor;
				CODE_SIGN_STYLE = Automatic;
				INFOPLIST_FILE = Weather_practice/Info.plist;
				LD_RUNPATH_SEARCH_PATHS = (
					"$(inherited)",
					"@executable_path/Frameworks",
				);
				PRODUCT_BUNDLE_IDENTIFIER = "com.hyeuneune.Weather-practice";
				PRODUCT_NAME = "$(TARGET_NAME)";
				SWIFT_VERSION = 5.0;
				TARGETED_DEVICE_FAMILY = "1,2";
			};
			name = Release;
		};
		4194F76925902BFA006797C1 /* Debug */ = {
			isa = XCBuildConfiguration;
			buildSettings = {
				ALWAYS_EMBED_SWIFT_STANDARD_LIBRARIES = YES;
				BUNDLE_LOADER = "$(TEST_HOST)";
				CODE_SIGN_STYLE = Automatic;
				INFOPLIST_FILE = Weather_practiceTests/Info.plist;
				IPHONEOS_DEPLOYMENT_TARGET = 14.3;
				LD_RUNPATH_SEARCH_PATHS = (
					"$(inherited)",
					"@executable_path/Frameworks",
					"@loader_path/Frameworks",
				);
				PRODUCT_BUNDLE_IDENTIFIER = "com.hyeuneune.Weather-practiceTests";
				PRODUCT_NAME = "$(TARGET_NAME)";
				SWIFT_VERSION = 5.0;
				TARGETED_DEVICE_FAMILY = "1,2";
				TEST_HOST = "$(BUILT_PRODUCTS_DIR)/Weather_practice.app/Weather_practice";
			};
			name = Debug;
		};
		4194F76A25902BFA006797C1 /* Release */ = {
			isa = XCBuildConfiguration;
			buildSettings = {
				ALWAYS_EMBED_SWIFT_STANDARD_LIBRARIES = YES;
				BUNDLE_LOADER = "$(TEST_HOST)";
				CODE_SIGN_STYLE = Automatic;
				INFOPLIST_FILE = Weather_practiceTests/Info.plist;
				IPHONEOS_DEPLOYMENT_TARGET = 14.3;
				LD_RUNPATH_SEARCH_PATHS = (
					"$(inherited)",
					"@executable_path/Frameworks",
					"@loader_path/Frameworks",
				);
				PRODUCT_BUNDLE_IDENTIFIER = "com.hyeuneune.Weather-practiceTests";
				PRODUCT_NAME = "$(TARGET_NAME)";
				SWIFT_VERSION = 5.0;
				TARGETED_DEVICE_FAMILY = "1,2";
				TEST_HOST = "$(BUILT_PRODUCTS_DIR)/Weather_practice.app/Weather_practice";
			};
			name = Release;
		};
		4194F76C25902BFA006797C1 /* Debug */ = {
			isa = XCBuildConfiguration;
			buildSettings = {
				ALWAYS_EMBED_SWIFT_STANDARD_LIBRARIES = YES;
				CODE_SIGN_STYLE = Automatic;
				INFOPLIST_FILE = Weather_practiceUITests/Info.plist;
				LD_RUNPATH_SEARCH_PATHS = (
					"$(inherited)",
					"@executable_path/Frameworks",
					"@loader_path/Frameworks",
				);
				PRODUCT_BUNDLE_IDENTIFIER = "com.hyeuneune.Weather-practiceUITests";
				PRODUCT_NAME = "$(TARGET_NAME)";
				SWIFT_VERSION = 5.0;
				TARGETED_DEVICE_FAMILY = "1,2";
				TEST_TARGET_NAME = Weather_practice;
			};
			name = Debug;
		};
		4194F76D25902BFA006797C1 /* Release */ = {
			isa = XCBuildConfiguration;
			buildSettings = {
				ALWAYS_EMBED_SWIFT_STANDARD_LIBRARIES = YES;
				CODE_SIGN_STYLE = Automatic;
				INFOPLIST_FILE = Weather_practiceUITests/Info.plist;
				LD_RUNPATH_SEARCH_PATHS = (
					"$(inherited)",
					"@executable_path/Frameworks",
					"@loader_path/Frameworks",
				);
				PRODUCT_BUNDLE_IDENTIFIER = "com.hyeuneune.Weather-practiceUITests";
				PRODUCT_NAME = "$(TARGET_NAME)";
				SWIFT_VERSION = 5.0;
				TARGETED_DEVICE_FAMILY = "1,2";
				TEST_TARGET_NAME = Weather_practice;
			};
			name = Release;
		};
/* End XCBuildConfiguration section */

/* Begin XCConfigurationList section */
		4194F73625902BF9006797C1 /* Build configuration list for PBXProject "Weather_practice" */ = {
			isa = XCConfigurationList;
			buildConfigurations = (
				4194F76325902BFA006797C1 /* Debug */,
				4194F76425902BFA006797C1 /* Release */,
			);
			defaultConfigurationIsVisible = 0;
			defaultConfigurationName = Release;
		};
		4194F76525902BFA006797C1 /* Build configuration list for PBXNativeTarget "Weather_practice" */ = {
			isa = XCConfigurationList;
			buildConfigurations = (
				4194F76625902BFA006797C1 /* Debug */,
				4194F76725902BFA006797C1 /* Release */,
			);
			defaultConfigurationIsVisible = 0;
			defaultConfigurationName = Release;
		};
		4194F76825902BFA006797C1 /* Build configuration list for PBXNativeTarget "Weather_practiceTests" */ = {
			isa = XCConfigurationList;
			buildConfigurations = (
				4194F76925902BFA006797C1 /* Debug */,
				4194F76A25902BFA006797C1 /* Release */,
			);
			defaultConfigurationIsVisible = 0;
			defaultConfigurationName = Release;
		};
		4194F76B25902BFA006797C1 /* Build configuration list for PBXNativeTarget "Weather_practiceUITests" */ = {
			isa = XCConfigurationList;
			buildConfigurations = (
				4194F76C25902BFA006797C1 /* Debug */,
				4194F76D25902BFA006797C1 /* Release */,
			);
			defaultConfigurationIsVisible = 0;
			defaultConfigurationName = Release;
		};
/* End XCConfigurationList section */
	};
	rootObject = 4194F73325902BF9006797C1 /* Project object */;
}
